
Microsoft Visual Studio Solution File, Format Version 12.00
# Visual Studio Version 17
VisualStudioVersion = 17.3.32929.385
MinimumVisualStudioVersion = 10.0.40219.1
Project("{FAE04EC0-301F-11D3-BF4B-00C04F79EFBC}") = "01_Async-Await_SPD_221", "01_Async-Await_SPD_221\01_Async-Await_SPD_221.csproj", "{42591EDC-7855-47DA-AA0A-1D3E78FAE101}"
EndProject
Global
	GlobalSection(SolutionConfigurationPlatforms) = preSolution
		Debug|Any CPU = Debug|Any CPU
		Release|Any CPU = Release|Any CPU
	EndGlobalSection
	GlobalSection(ProjectConfigurationPlatforms) = postSolution
		{42591EDC-7855-47DA-AA0A-1D3E78FAE101}.Debug|Any CPU.ActiveCfg = Debug|Any CPU
		{42591EDC-7855-47DA-AA0A-1D3E78FAE101}.Debug|Any CPU.Build.0 = Debug|Any CPU
		{42591EDC-7855-47DA-AA0A-1D3E78FAE101}.Release|Any CPU.ActiveCfg = Release|Any CPU
		{42591EDC-7855-47DA-AA0A-1D3E78FAE101}.Release|Any CPU.Build.0 = Release|Any CPU
	EndGlobalSection
	GlobalSection(SolutionProperties) = preSolution
		HideSolutionNode = FALSE
	EndGlobalSection
	GlobalSection(ExtensibilityGlobals) = postSolution
		SolutionGuid = {62AC8340-7DE7-4D35-AE19-4EA41F2C4BC2}
	EndGlobalSection
EndGlobal
